// !$*UTF8*$!
{
	archiveVersion = 1;
	classes = {
	};
	objectVersion = 46;
	objects = {

/* Begin PBXAggregateTarget section */
		C060AB4819D4C0F7006B6A86 /* All */ = {
			isa = PBXAggregateTarget;
			buildConfigurationList = C060AB4919D4C0F7006B6A86 /* Build configuration list for PBXAggregateTarget "All" */;
			buildPhases = (
				C060AB4C19D4C101006B6A86 /* ShellScript */,
			);
			dependencies = (
			);
			name = All;
			productName = All;
		};
/* End PBXAggregateTarget section */

/* Begin PBXBuildFile section */
		C060AB2319D4C0D5006B6A86 /* CSNotificationLib.h in CopyFiles */ = {isa = PBXBuildFile; fileRef = C060AB2219D4C0D5006B6A86 /* CSNotificationLib.h */; };
		C060AB2519D4C0D5006B6A86 /* CSNotificationLib.m in Sources */ = {isa = PBXBuildFile; fileRef = C060AB2419D4C0D5006B6A86 /* CSNotificationLib.m */; };
		C060AB4519D4C0E1006B6A86 /* CSLayerStealingBlurView.m in Sources */ = {isa = PBXBuildFile; fileRef = C060AB3819D4C0E1006B6A86 /* CSLayerStealingBlurView.m */; };
		C060AB4619D4C0E1006B6A86 /* CSNativeBlurView.m in Sources */ = {isa = PBXBuildFile; fileRef = C060AB3A19D4C0E1006B6A86 /* CSNativeBlurView.m */; };
		C060AB4719D4C0E1006B6A86 /* CSNotificationView.m in Sources */ = {isa = PBXBuildFile; fileRef = C060AB3C19D4C0E1006B6A86 /* CSNotificationView.m */; };
/* End PBXBuildFile section */

/* Begin PBXCopyFilesBuildPhase section */
		C060AB1D19D4C0D5006B6A86 /* CopyFiles */ = {
			isa = PBXCopyFilesBuildPhase;
			buildActionMask = 2147483647;
			dstPath = "include/$(PRODUCT_NAME)";
			dstSubfolderSpec = 16;
			files = (
				C060AB2319D4C0D5006B6A86 /* CSNotificationLib.h in CopyFiles */,
			);
			runOnlyForDeploymentPostprocessing = 0;
		};
/* End PBXCopyFilesBuildPhase section */

/* Begin PBXFileReference section */
		C060AB1F19D4C0D5006B6A86 /* libCSNotificationLib.a */ = {isa = PBXFileReference; explicitFileType = archive.ar; includeInIndex = 0; path = libCSNotificationLib.a; sourceTree = BUILT_PRODUCTS_DIR; };
		C060AB2219D4C0D5006B6A86 /* CSNotificationLib.h */ = {isa = PBXFileReference; lastKnownFileType = sourcecode.c.h; path = CSNotificationLib.h; sourceTree = "<group>"; };
		C060AB2419D4C0D5006B6A86 /* CSNotificationLib.m */ = {isa = PBXFileReference; lastKnownFileType = sourcecode.c.objc; path = CSNotificationLib.m; sourceTree = "<group>"; };
		C060AB2A19D4C0D5006B6A86 /* CSNotificationLibTests.xctest */ = {isa = PBXFileReference; explicitFileType = wrapper.cfbundle; includeInIndex = 0; path = CSNotificationLibTests.xctest; sourceTree = BUILT_PRODUCTS_DIR; };
		C060AB2D19D4C0D5006B6A86 /* Info.plist */ = {isa = PBXFileReference; lastKnownFileType = text.plist.xml; path = Info.plist; sourceTree = "<group>"; };
		C060AB3719D4C0E1006B6A86 /* CSLayerStealingBlurView.h */ = {isa = PBXFileReference; fileEncoding = 4; lastKnownFileType = sourcecode.c.h; path = CSLayerStealingBlurView.h; sourceTree = "<group>"; };
		C060AB3819D4C0E1006B6A86 /* CSLayerStealingBlurView.m */ = {isa = PBXFileReference; fileEncoding = 4; lastKnownFileType = sourcecode.c.objc; path = CSLayerStealingBlurView.m; sourceTree = "<group>"; };
		C060AB3919D4C0E1006B6A86 /* CSNativeBlurView.h */ = {isa = PBXFileReference; fileEncoding = 4; lastKnownFileType = sourcecode.c.h; path = CSNativeBlurView.h; sourceTree = "<group>"; };
		C060AB3A19D4C0E1006B6A86 /* CSNativeBlurView.m */ = {isa = PBXFileReference; fileEncoding = 4; lastKnownFileType = sourcecode.c.objc; path = CSNativeBlurView.m; sourceTree = "<group>"; };
		C060AB3B19D4C0E1006B6A86 /* CSNotificationView.h */ = {isa = PBXFileReference; fileEncoding = 4; lastKnownFileType = sourcecode.c.h; path = CSNotificationView.h; sourceTree = "<group>"; };
		C060AB3C19D4C0E1006B6A86 /* CSNotificationView.m */ = {isa = PBXFileReference; fileEncoding = 4; lastKnownFileType = sourcecode.c.objc; path = CSNotificationView.m; sourceTree = "<group>"; };
		C060AB3D19D4C0E1006B6A86 /* CSNotificationView_Private.h */ = {isa = PBXFileReference; fileEncoding = 4; lastKnownFileType = sourcecode.c.h; path = CSNotificationView_Private.h; sourceTree = "<group>"; };
		C060AB3F19D4C0E1006B6A86 /* checkmark.png */ = {isa = PBXFileReference; lastKnownFileType = image.png; path = checkmark.png; sourceTree = "<group>"; };
		C060AB4019D4C0E1006B6A86 /* checkmark@2x.png */ = {isa = PBXFileReference; lastKnownFileType = image.png; path = "checkmark@2x.png"; sourceTree = "<group>"; };
		C060AB4119D4C0E1006B6A86 /* checkmark@3x.png */ = {isa = PBXFileReference; lastKnownFileType = image.png; path = "checkmark@3x.png"; sourceTree = "<group>"; };
		C060AB4219D4C0E1006B6A86 /* exclamationMark.png */ = {isa = PBXFileReference; lastKnownFileType = image.png; path = exclamationMark.png; sourceTree = "<group>"; };
		C060AB4319D4C0E1006B6A86 /* exclamationMark@2x.png */ = {isa = PBXFileReference; lastKnownFileType = image.png; path = "exclamationMark@2x.png"; sourceTree = "<group>"; };
		C060AB4419D4C0E1006B6A86 /* exclamationMark@3x.png */ = {isa = PBXFileReference; lastKnownFileType = image.png; path = "exclamationMark@3x.png"; sourceTree = "<group>"; };
/* End PBXFileReference section */

/* Begin PBXFrameworksBuildPhase section */
		C060AB1C19D4C0D5006B6A86 /* Frameworks */ = {
			isa = PBXFrameworksBuildPhase;
			buildActionMask = 2147483647;
			files = (
			);
			runOnlyForDeploymentPostprocessing = 0;
		};
		C060AB2719D4C0D5006B6A86 /* Frameworks */ = {
			isa = PBXFrameworksBuildPhase;
			buildActionMask = 2147483647;
			files = (
			);
			runOnlyForDeploymentPostprocessing = 0;
		};
/* End PBXFrameworksBuildPhase section */

/* Begin PBXGroup section */
		C060AB1619D4C0D5006B6A86 = {
			isa = PBXGroup;
			children = (
				C060AB3619D4C0E1006B6A86 /* CSNotificationView */,
				C060AB2119D4C0D5006B6A86 /* CSNotificationLib */,
				C060AB2B19D4C0D5006B6A86 /* CSNotificationLibTests */,
				C060AB2019D4C0D5006B6A86 /* Products */,
			);
			sourceTree = "<group>";
		};
		C060AB2019D4C0D5006B6A86 /* Products */ = {
			isa = PBXGroup;
			children = (
				C060AB1F19D4C0D5006B6A86 /* libCSNotificationLib.a */,
				C060AB2A19D4C0D5006B6A86 /* CSNotificationLibTests.xctest */,
			);
			name = Products;
			sourceTree = "<group>";
		};
		C060AB2119D4C0D5006B6A86 /* CSNotificationLib */ = {
			isa = PBXGroup;
			children = (
				C060AB2219D4C0D5006B6A86 /* CSNotificationLib.h */,
				C060AB2419D4C0D5006B6A86 /* CSNotificationLib.m */,
			);
			path = CSNotificationLib;
			sourceTree = "<group>";
		};
		C060AB2B19D4C0D5006B6A86 /* CSNotificationLibTests */ = {
			isa = PBXGroup;
			children = (
				C060AB2C19D4C0D5006B6A86 /* Supporting Files */,
			);
			path = CSNotificationLibTests;
			sourceTree = "<group>";
		};
		C060AB2C19D4C0D5006B6A86 /* Supporting Files */ = {
			isa = PBXGroup;
			children = (
				C060AB2D19D4C0D5006B6A86 /* Info.plist */,
			);
			name = "Supporting Files";
			sourceTree = "<group>";
		};
		C060AB3619D4C0E1006B6A86 /* CSNotificationView */ = {
			isa = PBXGroup;
			children = (
				C060AB3719D4C0E1006B6A86 /* CSLayerStealingBlurView.h */,
				C060AB3819D4C0E1006B6A86 /* CSLayerStealingBlurView.m */,
				C060AB3919D4C0E1006B6A86 /* CSNativeBlurView.h */,
				C060AB3A19D4C0E1006B6A86 /* CSNativeBlurView.m */,
				C060AB3B19D4C0E1006B6A86 /* CSNotificationView.h */,
				C060AB3C19D4C0E1006B6A86 /* CSNotificationView.m */,
				C060AB3D19D4C0E1006B6A86 /* CSNotificationView_Private.h */,
				C060AB3E19D4C0E1006B6A86 /* Resources */,
			);
			name = CSNotificationView;
			path = ../CSNotificationView;
			sourceTree = "<group>";
		};
		C060AB3E19D4C0E1006B6A86 /* Resources */ = {
			isa = PBXGroup;
			children = (
				C060AB3F19D4C0E1006B6A86 /* checkmark.png */,
				C060AB4019D4C0E1006B6A86 /* checkmark@2x.png */,
				C060AB4119D4C0E1006B6A86 /* checkmark@3x.png */,
				C060AB4219D4C0E1006B6A86 /* exclamationMark.png */,
				C060AB4319D4C0E1006B6A86 /* exclamationMark@2x.png */,
				C060AB4419D4C0E1006B6A86 /* exclamationMark@3x.png */,
			);
			path = Resources;
			sourceTree = "<group>";
		};
/* End PBXGroup section */

/* Begin PBXNativeTarget section */
		C060AB1E19D4C0D5006B6A86 /* CSNotificationLib */ = {
			isa = PBXNativeTarget;
			buildConfigurationList = C060AB3019D4C0D5006B6A86 /* Build configuration list for PBXNativeTarget "CSNotificationLib" */;
			buildPhases = (
				C060AB1B19D4C0D5006B6A86 /* Sources */,
				C060AB1C19D4C0D5006B6A86 /* Frameworks */,
				C060AB1D19D4C0D5006B6A86 /* CopyFiles */,
			);
			buildRules = (
			);
			dependencies = (
			);
			name = CSNotificationLib;
			productName = CSNotificationLib;
			productReference = C060AB1F19D4C0D5006B6A86 /* libCSNotificationLib.a */;
			productType = "com.apple.product-type.library.static";
		};
		C060AB2919D4C0D5006B6A86 /* CSNotificationLibTests */ = {
			isa = PBXNativeTarget;
			buildConfigurationList = C060AB3319D4C0D5006B6A86 /* Build configuration list for PBXNativeTarget "CSNotificationLibTests" */;
			buildPhases = (
				C060AB2619D4C0D5006B6A86 /* Sources */,
				C060AB2719D4C0D5006B6A86 /* Frameworks */,
				C060AB2819D4C0D5006B6A86 /* Resources */,
			);
			buildRules = (
			);
			dependencies = (
			);
			name = CSNotificationLibTests;
			productName = CSNotificationLibTests;
			productReference = C060AB2A19D4C0D5006B6A86 /* CSNotificationLibTests.xctest */;
			productType = "com.apple.product-type.bundle.unit-test";
		};
/* End PBXNativeTarget section */

/* Begin PBXProject section */
		C060AB1719D4C0D5006B6A86 /* Project object */ = {
			isa = PBXProject;
			attributes = {
				LastUpgradeCheck = 0600;
				ORGANIZATIONNAME = Cam;
				TargetAttributes = {
					C060AB1E19D4C0D5006B6A86 = {
						CreatedOnToolsVersion = 6.0.1;
					};
					C060AB2919D4C0D5006B6A86 = {
						CreatedOnToolsVersion = 6.0.1;
					};
					C060AB4819D4C0F7006B6A86 = {
						CreatedOnToolsVersion = 6.0.1;
					};
				};
			};
			buildConfigurationList = C060AB1A19D4C0D5006B6A86 /* Build configuration list for PBXProject "CSNotificationLib" */;
			compatibilityVersion = "Xcode 3.2";
			developmentRegion = English;
			hasScannedForEncodings = 0;
			knownRegions = (
				en,
			);
			mainGroup = C060AB1619D4C0D5006B6A86;
			productRefGroup = C060AB2019D4C0D5006B6A86 /* Products */;
			projectDirPath = "";
			projectRoot = "";
			targets = (
				C060AB1E19D4C0D5006B6A86 /* CSNotificationLib */,
				C060AB2919D4C0D5006B6A86 /* CSNotificationLibTests */,
				C060AB4819D4C0F7006B6A86 /* All */,
			);
		};
/* End PBXProject section */

/* Begin PBXResourcesBuildPhase section */
		C060AB2819D4C0D5006B6A86 /* Resources */ = {
			isa = PBXResourcesBuildPhase;
			buildActionMask = 2147483647;
			files = (
			);
			runOnlyForDeploymentPostprocessing = 0;
		};
/* End PBXResourcesBuildPhase section */

/* Begin PBXShellScriptBuildPhase section */
		C060AB4C19D4C101006B6A86 /* ShellScript */ = {
			isa = PBXShellScriptBuildPhase;
			buildActionMask = 2147483647;
			files = (
			);
			inputPaths = (
			);
			outputPaths = (
			);
			runOnlyForDeploymentPostprocessing = 0;
			shellPath = /bin/sh;
			shellScript = "# define output folder environment variable\nUNIVERSAL_OUTPUTFOLDER=${BUILD_DIR}/${CONFIGURATION}-universal\n\n# Step 1. Build Device and Simulator versions\nxcodebuild -target ${PROJECT_NAME} ONLY_ACTIVE_ARCH=NO -configuration ${CONFIGURATION} -sdk iphoneos  BUILD_DIR=\"${BUILD_DIR}\"\nBUILD_ROOT=\"${BUILD_ROOT}\" xcodebuild -target ${PROJECT_NAME} -configuration ${CONFIGURATION} -sdk iphonesimulator -arch i386 BUILD_DIR=\"${BUILD_DIR}\" BUILD_ROOT=\"${BUILD_ROOT}\"\n\n# make sure the output directory exists\nmkdir -p \"${UNIVERSAL_OUTPUTFOLDER}\"\n\n# Step 2. Create universal binary file using lipo\nlipo -create -output \"${UNIVERSAL_OUTPUTFOLDER}/lib${PROJECT_NAME}.a\" \"${BUILD_DIR}/${CONFIGURATION}-iphoneos/lib${PROJECT_NAME}.a\" \"${BUILD_DIR}/${CONFIGURATION}-iphonesimulator/lib${PROJECT_NAME}.a\"\n\n# Last touch. copy the header files. Just for convenience\ncp -R \"${BUILD_DIR}/${CONFIGURATION}-iphoneos/include\" \"${UNIVERSAL_OUTPUTFOLDER}\"";
		};
/* End PBXShellScriptBuildPhase section */

/* Begin PBXSourcesBuildPhase section */
		C060AB1B19D4C0D5006B6A86 /* Sources */ = {
			isa = PBXSourcesBuildPhase;
			buildActionMask = 2147483647;
			files = (
				C060AB4519D4C0E1006B6A86 /* CSLayerStealingBlurView.m in Sources */,
				C060AB4619D4C0E1006B6A86 /* CSNativeBlurView.m in Sources */,
				C060AB2519D4C0D5006B6A86 /* CSNotificationLib.m in Sources */,
				C060AB4719D4C0E1006B6A86 /* CSNotificationView.m in Sources */,
			);
			runOnlyForDeploymentPostprocessing = 0;
		};
		C060AB2619D4C0D5006B6A86 /* Sources */ = {
			isa = PBXSourcesBuildPhase;
			buildActionMask = 2147483647;
			files = (
			);
			runOnlyForDeploymentPostprocessing = 0;
		};
/* End PBXSourcesBuildPhase section */

/* Begin XCBuildConfiguration section */
		C060AB2E19D4C0D5006B6A86 /* Debug */ = {
			isa = XCBuildConfiguration;
			buildSettings = {
				ALWAYS_SEARCH_USER_PATHS = NO;
				CLANG_CXX_LANGUAGE_STANDARD = "gnu++0x";
				CLANG_CXX_LIBRARY = "libc++";
				CLANG_ENABLE_MODULES = YES;
				CLANG_ENABLE_OBJC_ARC = YES;
				CLANG_WARN_BOOL_CONVERSION = YES;
				CLANG_WARN_CONSTANT_CONVERSION = YES;
				CLANG_WARN_DIRECT_OBJC_ISA_USAGE = YES_ERROR;
				CLANG_WARN_EMPTY_BODY = YES;
				CLANG_WARN_ENUM_CONVERSION = YES;
				CLANG_WARN_INT_CONVERSION = YES;
				CLANG_WARN_OBJC_ROOT_CLASS = YES_ERROR;
				CLANG_WARN_UNREACHABLE_CODE = YES;
				CLANG_WARN__DUPLICATE_METHOD_MATCH = YES;
				COPY_PHASE_STRIP = NO;
				ENABLE_STRICT_OBJC_MSGSEND = YES;
				GCC_C_LANGUAGE_STANDARD = gnu99;
				GCC_DYNAMIC_NO_PIC = NO;
				GCC_OPTIMIZATION_LEVEL = 0;
				GCC_PREPROCESSOR_DEFINITIONS = (
					"DEBUG=1",
					"$(inherited)",
				);
				GCC_SYMBOLS_PRIVATE_EXTERN = NO;
				GCC_WARN_64_TO_32_BIT_CONVERSION = YES;
				GCC_WARN_ABOUT_RETURN_TYPE = YES_ERROR;
				GCC_WARN_UNDECLARED_SELECTOR = YES;
				GCC_WARN_UNINITIALIZED_AUTOS = YES_AGGRESSIVE;
				GCC_WARN_UNUSED_FUNCTION = YES;
				GCC_WARN_UNUSED_VARIABLE = YES;
				IPHONEOS_DEPLOYMENT_TARGET = 8.0;
				MTL_ENABLE_DEBUG_INFO = YES;
				ONLY_ACTIVE_ARCH = YES;
				SDKROOT = iphoneos;
			};
			name = Debug;
		};
		C060AB2F19D4C0D5006B6A86 /* Release */ = {
			isa = XCBuildConfiguration;
			buildSettings = {
				ALWAYS_SEARCH_USER_PATHS = NO;
				CLANG_CXX_LANGUAGE_STANDARD = "gnu++0x";
				CLANG_CXX_LIBRARY = "libc++";
				CLANG_ENABLE_MODULES = YES;
				CLANG_ENABLE_OBJC_ARC = YES;
				CLANG_WARN_BOOL_CONVERSION = YES;
				CLANG_WARN_CONSTANT_CONVERSION = YES;
				CLANG_WARN_DIRECT_OBJC_ISA_USAGE = YES_ERROR;
				CLANG_WARN_EMPTY_BODY = YES;
				CLANG_WARN_ENUM_CONVERSION = YES;
				CLANG_WARN_INT_CONVERSION = YES;
				CLANG_WARN_OBJC_ROOT_CLASS = YES_ERROR;
				CLANG_WARN_UNREACHABLE_CODE = YES;
				CLANG_WARN__DUPLICATE_METHOD_MATCH = YES;
				COPY_PHASE_STRIP = YES;
				ENABLE_NS_ASSERTIONS = NO;
				ENABLE_STRICT_OBJC_MSGSEND = YES;
				GCC_C_LANGUAGE_STANDARD = gnu99;
				GCC_WARN_64_TO_32_BIT_CONVERSION = YES;
				GCC_WARN_ABOUT_RETURN_TYPE = YES_ERROR;
				GCC_WARN_UNDECLARED_SELECTOR = YES;
				GCC_WARN_UNINITIALIZED_AUTOS = YES_AGGRESSIVE;
				GCC_WARN_UNUSED_FUNCTION = YES;
				GCC_WARN_UNUSED_VARIABLE = YES;
				IPHONEOS_DEPLOYMENT_TARGET = 8.0;
				MTL_ENABLE_DEBUG_INFO = NO;
				SDKROOT = iphoneos;
				VALIDATE_PRODUCT = YES;
			};
			name = Release;
		};
		C060AB3119D4C0D5006B6A86 /* Debug */ = {
			isa = XCBuildConfiguration;
			buildSettings = {
				OTHER_LDFLAGS = "-ObjC";
				PRODUCT_NAME = "$(TARGET_NAME)";
				SKIP_INSTALL = YES;
			};
			name = Debug;
		};
		C060AB3219D4C0D5006B6A86 /* Release */ = {
			isa = XCBuildConfiguration;
			buildSettings = {
				OTHER_LDFLAGS = "-ObjC";
				PRODUCT_NAME = "$(TARGET_NAME)";
				SKIP_INSTALL = YES;
			};
			name = Release;
		};
		C060AB3419D4C0D5006B6A86 /* Debug */ = {
			isa = XCBuildConfiguration;
			buildSettings = {
				FRAMEWORK_SEARCH_PATHS = (
					"$(SDKROOT)/Developer/Library/Frameworks",
					"$(inherited)",
				);
				GCC_PREPROCESSOR_DEFINITIONS = (
					"DEBUG=1",
					"$(inherited)",
				);
				INFOPLIST_FILE = CSNotificationLibTests/Info.plist;
				LD_RUNPATH_SEARCH_PATHS = "$(inherited) @executable_path/Frameworks @loader_path/Frameworks";
				PRODUCT_NAME = "$(TARGET_NAME)";
			};
			name = Debug;
		};
		C060AB3519D4C0D5006B6A86 /* Release */ = {
			isa = XCBuildConfiguration;
			buildSettings = {
				FRAMEWORK_SEARCH_PATHS = (
					"$(SDKROOT)/Developer/Library/Frameworks",
					"$(inherited)",
				);
				INFOPLIST_FILE = CSNotificationLibTests/Info.plist;
				LD_RUNPATH_SEARCH_PATHS = "$(inherited) @executable_path/Frameworks @loader_path/Frameworks";
				PRODUCT_NAME = "$(TARGET_NAME)";
			};
			name = Release;
		};
		C060AB4A19D4C0F7006B6A86 /* Debug */ = {
			isa = XCBuildConfiguration;
			buildSettings = {
				PRODUCT_NAME = "$(TARGET_NAME)";
			};
			name = Debug;
		};
		C060AB4B19D4C0F7006B6A86 /* Release */ = {
			isa = XCBuildConfiguration;
			buildSettings = {
				PRODUCT_NAME = "$(TARGET_NAME)";
			};
			name = Release;
		};
/* End XCBuildConfiguration section */

/* Begin XCConfigurationList section */
		C060AB1A19D4C0D5006B6A86 /* Build configuration list for PBXProject "CSNotificationLib" */ = {
			isa = XCConfigurationList;
			buildConfigurations = (
				C060AB2E19D4C0D5006B6A86 /* Debug */,
				C060AB2F19D4C0D5006B6A86 /* Release */,
			);
			defaultConfigurationIsVisible = 0;
			defaultConfigurationName = Release;
		};
		C060AB3019D4C0D5006B6A86 /* Build configuration list for PBXNativeTarget "CSNotificationLib" */ = {
			isa = XCConfigurationList;
			buildConfigurations = (
				C060AB3119D4C0D5006B6A86 /* Debug */,
				C060AB3219D4C0D5006B6A86 /* Release */,
			);
			defaultConfigurationIsVisible = 0;
		};
		C060AB3319D4C0D5006B6A86 /* Build configuration list for PBXNativeTarget "CSNotificationLibTests" */ = {
			isa = XCConfigurationList;
			buildConfigurations = (
				C060AB3419D4C0D5006B6A86 /* Debug */,
				C060AB3519D4C0D5006B6A86 /* Release */,
			);
			defaultConfigurationIsVisible = 0;
		};
		C060AB4919D4C0F7006B6A86 /* Build configuration list for PBXAggregateTarget "All" */ = {
			isa = XCConfigurationList;
			buildConfigurations = (
				C060AB4A19D4C0F7006B6A86 /* Debug */,
				C060AB4B19D4C0F7006B6A86 /* Release */,
			);
			defaultConfigurationIsVisible = 0;
		};
/* End XCConfigurationList section */
	};
	rootObject = C060AB1719D4C0D5006B6A86 /* Project object */;
}
